
Microsoft Visual Studio Solution File, Format Version 12.00
# Visual Studio Version 17
VisualStudioVersion = 17.14.36202.13 d17.14
MinimumVisualStudioVersion = 10.0.40219.1
Project("{FAE04EC0-301F-11D3-BF4B-00C04F79EFBC}") = "Textract", "Textract.csproj", "{708E78B4-72BA-427D-96A0-81EA00C39BFF}"
EndProject
Global
	GlobalSection(SolutionConfigurationPlatforms) = preSolution
		Debug|Any CPU = Debug|Any CPU
		Release|Any CPU = Release|Any CPU
	EndGlobalSection
	GlobalSection(ProjectConfigurationPlatforms) = postSolution
		{708E78B4-72BA-427D-96A0-81EA00C39BFF}.Debug|Any CPU.ActiveCfg = Debug|Any CPU
		{708E78B4-72BA-427D-96A0-81EA00C39BFF}.Debug|Any CPU.Build.0 = Debug|Any CPU
		{708E78B4-72BA-427D-96A0-81EA00C39BFF}.Release|Any CPU.ActiveCfg = Release|Any CPU
		{708E78B4-72BA-427D-96A0-81EA00C39BFF}.Release|Any CPU.Build.0 = Release|Any CPU
	EndGlobalSection
	GlobalSection(SolutionProperties) = preSolution
		HideSolutionNode = FALSE
	EndGlobalSection
	GlobalSection(ExtensibilityGlobals) = postSolution
		SolutionGuid = {92E6D3C7-E60C-4C00-BD42-179C472142EE}
	EndGlobalSection
EndGlobal
